
Microsoft Visual Studio Solution File, Format Version 12.00
# Visual Studio Version 17
VisualStudioVersion = 17.8.34330.188
MinimumVisualStudioVersion = 10.0.40219.1
Project("{9A19103F-16F7-4668-BE54-9A1E7A4F7556}") = "part11", "part11\part11.csproj", "{BAB32972-079F-4965-A553-6E47B6B0FBF7}"
EndProject
Global
	GlobalSection(SolutionConfigurationPlatforms) = preSolution
		Debug|Any CPU = Debug|Any CPU
		Release|Any CPU = Release|Any CPU
	EndGlobalSection
	GlobalSection(ProjectConfigurationPlatforms) = postSolution
		{BAB32972-079F-4965-A553-6E47B6B0FBF7}.Debug|Any CPU.ActiveCfg = Debug|Any CPU
		{BAB32972-079F-4965-A553-6E47B6B0FBF7}.Debug|Any CPU.Build.0 = Debug|Any CPU
		{BAB32972-079F-4965-A553-6E47B6B0FBF7}.Release|Any CPU.ActiveCfg = Release|Any CPU
		{BAB32972-079F-4965-A553-6E47B6B0FBF7}.Release|Any CPU.Build.0 = Release|Any CPU
	EndGlobalSection
	GlobalSection(SolutionProperties) = preSolution
		HideSolutionNode = FALSE
	EndGlobalSection
	GlobalSection(ExtensibilityGlobals) = postSolution
		SolutionGuid = {2D5D7B8A-79E3-417C-9E53-602BB7B25960}
	EndGlobalSection
EndGlobal
